
Microsoft Visual Studio Solution File, Format Version 12.00
# Visual Studio 15
VisualStudioVersion = 15.0.28307.421
MinimumVisualStudioVersion = 10.0.40219.1
Project("{FAE04EC0-301F-11D3-BF4B-00C04F79EFBC}") = "AlertServices", "AlertServices\AlertServices.csproj", "{C65A99F0-26D9-4DCB-9BD9-04B200E9A964}"
EndProject
Global
	GlobalSection(SolutionConfigurationPlatforms) = preSolution
		Debug|Any CPU = Debug|Any CPU
		Release|Any CPU = Release|Any CPU
	EndGlobalSection
	GlobalSection(ProjectConfigurationPlatforms) = postSolution
		{C65A99F0-26D9-4DCB-9BD9-04B200E9A964}.Debug|Any CPU.ActiveCfg = Debug|Any CPU
		{C65A99F0-26D9-4DCB-9BD9-04B200E9A964}.Debug|Any CPU.Build.0 = Debug|Any CPU
		{C65A99F0-26D9-4DCB-9BD9-04B200E9A964}.Release|Any CPU.ActiveCfg = Release|Any CPU
		{C65A99F0-26D9-4DCB-9BD9-04B200E9A964}.Release|Any CPU.Build.0 = Release|Any CPU
	EndGlobalSection
	GlobalSection(SolutionProperties) = preSolution
		HideSolutionNode = FALSE
	EndGlobalSection
	GlobalSection(ExtensibilityGlobals) = postSolution
		SolutionGuid = {33A6A53E-539F-48BF-BB58-A55EBCA2640A}
	EndGlobalSection
EndGlobal
